
Microsoft Visual Studio Solution File, Format Version 12.00
# Visual Studio Version 16
VisualStudioVersion = 16.0.31321.278
MinimumVisualStudioVersion = 10.0.40219.1
Project("{FAE04EC0-301F-11D3-BF4B-00C04F79EFBC}") = "DepreciacionApp", "DepreciacionApp\DepreciacionApp.csproj", "{BCAD014E-9429-42CA-82E4-89575638C4DC}"
EndProject
Global
	GlobalSection(SolutionConfigurationPlatforms) = preSolution
		Debug|Any CPU = Debug|Any CPU
		Release|Any CPU = Release|Any CPU
	EndGlobalSection
	GlobalSection(ProjectConfigurationPlatforms) = postSolution
		{BCAD014E-9429-42CA-82E4-89575638C4DC}.Debug|Any CPU.ActiveCfg = Debug|Any CPU
		{BCAD014E-9429-42CA-82E4-89575638C4DC}.Debug|Any CPU.Build.0 = Debug|Any CPU
		{BCAD014E-9429-42CA-82E4-89575638C4DC}.Release|Any CPU.ActiveCfg = Release|Any CPU
		{BCAD014E-9429-42CA-82E4-89575638C4DC}.Release|Any CPU.Build.0 = Release|Any CPU
	EndGlobalSection
	GlobalSection(SolutionProperties) = preSolution
		HideSolutionNode = FALSE
	EndGlobalSection
	GlobalSection(ExtensibilityGlobals) = postSolution
		SolutionGuid = {B0F0D466-CBD1-472C-BDB9-A609264689E3}
	EndGlobalSection
EndGlobal
